// !$*UTF8*$!
{
	archiveVersion = 1;
	classes = {
	};
	objectVersion = 48;
	objects = {

/* Begin PBXBuildFile section */
		864A43191F6E2B7400CFDD25 /* AppDelegate.swift in Sources */ = {isa = PBXBuildFile; fileRef = 864A43181F6E2B7400CFDD25 /* AppDelegate.swift */; };
		864A431B1F6E2B7400CFDD25 /* ViewController.swift in Sources */ = {isa = PBXBuildFile; fileRef = 864A431A1F6E2B7400CFDD25 /* ViewController.swift */; };
		864A431E1F6E2B7400CFDD25 /* Main.storyboard in Resources */ = {isa = PBXBuildFile; fileRef = 864A431C1F6E2B7400CFDD25 /* Main.storyboard */; };
		864A43211F6E2B7400CFDD25 /* OpenWeather.xcdatamodeld in Sources */ = {isa = PBXBuildFile; fileRef = 864A431F1F6E2B7400CFDD25 /* OpenWeather.xcdatamodeld */; };
		864A43231F6E2B7400CFDD25 /* Assets.xcassets in Resources */ = {isa = PBXBuildFile; fileRef = 864A43221F6E2B7400CFDD25 /* Assets.xcassets */; };
		864A43261F6E2B7400CFDD25 /* LaunchScreen.storyboard in Resources */ = {isa = PBXBuildFile; fileRef = 864A43241F6E2B7400CFDD25 /* LaunchScreen.storyboard */; };
		864A43311F6E2B7400CFDD25 /* OpenWeatherTests.swift in Sources */ = {isa = PBXBuildFile; fileRef = 864A43301F6E2B7400CFDD25 /* OpenWeatherTests.swift */; };
		864A433C1F6E2B7400CFDD25 /* OpenWeatherUITests.swift in Sources */ = {isa = PBXBuildFile; fileRef = 864A433B1F6E2B7400CFDD25 /* OpenWeatherUITests.swift */; };
		864A434C1F6E2BE500CFDD25 /* ViewController+Webservice.swift in Sources */ = {isa = PBXBuildFile; fileRef = 864A434B1F6E2BE500CFDD25 /* ViewController+Webservice.swift */; };
		864A43501F6E2C6800CFDD25 /* UIImageView+OpenWeather.swift in Sources */ = {isa = PBXBuildFile; fileRef = 864A434F1F6E2C6800CFDD25 /* UIImageView+OpenWeather.swift */; };
		864A43521F6E2C8000CFDD25 /* OWError.swift in Sources */ = {isa = PBXBuildFile; fileRef = 864A43511F6E2C8000CFDD25 /* OWError.swift */; };
		864A43541F6E2C9700CFDD25 /* Double+Temprature.swift in Sources */ = {isa = PBXBuildFile; fileRef = 864A43531F6E2C9700CFDD25 /* Double+Temprature.swift */; };
		864A43561F6E2CAB00CFDD25 /* WebServiceManager.swift in Sources */ = {isa = PBXBuildFile; fileRef = 864A43551F6E2CAB00CFDD25 /* WebServiceManager.swift */; };
		864A43581F6E2CB800CFDD25 /* WeatherModel.swift in Sources */ = {isa = PBXBuildFile; fileRef = 864A43571F6E2CB800CFDD25 /* WeatherModel.swift */; };
		867CE0171F6F004C008DEFF4 /* CitiesList+CoreDataClass.swift in Sources */ = {isa = PBXBuildFile; fileRef = 867CE0151F6F004C008DEFF4 /* CitiesList+CoreDataClass.swift */; };
		867CE0181F6F004C008DEFF4 /* CitiesList+CoreDataProperties.swift in Sources */ = {isa = PBXBuildFile; fileRef = 867CE0161F6F004C008DEFF4 /* CitiesList+CoreDataProperties.swift */; };
		867CE01A1F6F02AE008DEFF4 /* CoreDataManager.swift in Sources */ = {isa = PBXBuildFile; fileRef = 867CE0191F6F02AE008DEFF4 /* CoreDataManager.swift */; };
		8682738B1F6F2279006FACA7 /* Constant.swift in Sources */ = {isa = PBXBuildFile; fileRef = 8682738A1F6F2279006FACA7 /* Constant.swift */; };
		86CC269F1F6E52D900152A28 /* SearchTableViewController.swift in Sources */ = {isa = PBXBuildFile; fileRef = 86CC269E1F6E52D900152A28 /* SearchTableViewController.swift */; };
		86FCDB661F6E620B0020CB34 /* cities.json in Resources */ = {isa = PBXBuildFile; fileRef = 86CC26A01F6E5A0500152A28 /* cities.json */; };
/* End PBXBuildFile section */

/* Begin PBXContainerItemProxy section */
		864A432D1F6E2B7400CFDD25 /* PBXContainerItemProxy */ = {
			isa = PBXContainerItemProxy;
			containerPortal = 864A430D1F6E2B7400CFDD25 /* Project object */;
			proxyType = 1;
			remoteGlobalIDString = 864A43141F6E2B7400CFDD25;
			remoteInfo = OpenWeather;
		};
		864A43381F6E2B7400CFDD25 /* PBXContainerItemProxy */ = {
			isa = PBXContainerItemProxy;
			containerPortal = 864A430D1F6E2B7400CFDD25 /* Project object */;
			proxyType = 1;
			remoteGlobalIDString = 864A43141F6E2B7400CFDD25;
			remoteInfo = OpenWeather;
		};
/* End PBXContainerItemProxy section */

/* Begin PBXFileReference section */
		864A43151F6E2B7400CFDD25 /* OpenWeather.app */ = {isa = PBXFileReference; explicitFileType = wrapper.application; includeInIndex = 0; path = OpenWeather.app; sourceTree = BUILT_PRODUCTS_DIR; };
		864A43181F6E2B7400CFDD25 /* AppDelegate.swift */ = {isa = PBXFileReference; lastKnownFileType = sourcecode.swift; path = AppDelegate.swift; sourceTree = "<group>"; };
		864A431A1F6E2B7400CFDD25 /* ViewController.swift */ = {isa = PBXFileReference; lastKnownFileType = sourcecode.swift; path = ViewController.swift; sourceTree = "<group>"; };
		864A431D1F6E2B7400CFDD25 /* Base */ = {isa = PBXFileReference; lastKnownFileType = file.storyboard; name = Base; path = Base.lproj/Main.storyboard; sourceTree = "<group>"; };
		864A43201F6E2B7400CFDD25 /* OpenWeather.xcdatamodel */ = {isa = PBXFileReference; lastKnownFileType = wrapper.xcdatamodel; path = OpenWeather.xcdatamodel; sourceTree = "<group>"; };
		864A43221F6E2B7400CFDD25 /* Assets.xcassets */ = {isa = PBXFileReference; lastKnownFileType = folder.assetcatalog; path = Assets.xcassets; sourceTree = "<group>"; };
		864A43251F6E2B7400CFDD25 /* Base */ = {isa = PBXFileReference; lastKnownFileType = file.storyboard; name = Base; path = Base.lproj/LaunchScreen.storyboard; sourceTree = "<group>"; };
		864A43271F6E2B7400CFDD25 /* Info.plist */ = {isa = PBXFileReference; lastKnownFileType = text.plist.xml; path = Info.plist; sourceTree = "<group>"; };
		864A432C1F6E2B7400CFDD25 /* OpenWeatherTests.xctest */ = {isa = PBXFileReference; explicitFileType = wrapper.cfbundle; includeInIndex = 0; path = OpenWeatherTests.xctest; sourceTree = BUILT_PRODUCTS_DIR; };
		864A43301F6E2B7400CFDD25 /* OpenWeatherTests.swift */ = {isa = PBXFileReference; lastKnownFileType = sourcecode.swift; path = OpenWeatherTests.swift; sourceTree = "<group>"; };
		864A43321F6E2B7400CFDD25 /* Info.plist */ = {isa = PBXFileReference; lastKnownFileType = text.plist.xml; path = Info.plist; sourceTree = "<group>"; };
		864A43371F6E2B7400CFDD25 /* OpenWeatherUITests.xctest */ = {isa = PBXFileReference; explicitFileType = wrapper.cfbundle; includeInIndex = 0; path = OpenWeatherUITests.xctest; sourceTree = BUILT_PRODUCTS_DIR; };
		864A433B1F6E2B7400CFDD25 /* OpenWeatherUITests.swift */ = {isa = PBXFileReference; lastKnownFileType = sourcecode.swift; path = OpenWeatherUITests.swift; sourceTree = "<group>"; };
		864A433D1F6E2B7500CFDD25 /* Info.plist */ = {isa = PBXFileReference; lastKnownFileType = text.plist.xml; path = Info.plist; sourceTree = "<group>"; };
		864A434B1F6E2BE500CFDD25 /* ViewController+Webservice.swift */ = {isa = PBXFileReference; lastKnownFileType = sourcecode.swift; path = "ViewController+Webservice.swift"; sourceTree = "<group>"; };
		864A434F1F6E2C6800CFDD25 /* UIImageView+OpenWeather.swift */ = {isa = PBXFileReference; lastKnownFileType = sourcecode.swift; path = "UIImageView+OpenWeather.swift"; sourceTree = "<group>"; };
		864A43511F6E2C8000CFDD25 /* OWError.swift */ = {isa = PBXFileReference; lastKnownFileType = sourcecode.swift; path = OWError.swift; sourceTree = "<group>"; };
		864A43531F6E2C9700CFDD25 /* Double+Temprature.swift */ = {isa = PBXFileReference; lastKnownFileType = sourcecode.swift; path = "Double+Temprature.swift"; sourceTree = "<group>"; };
		864A43551F6E2CAB00CFDD25 /* WebServiceManager.swift */ = {isa = PBXFileReference; lastKnownFileType = sourcecode.swift; path = WebServiceManager.swift; sourceTree = "<group>"; };
		864A43571F6E2CB800CFDD25 /* WeatherModel.swift */ = {isa = PBXFileReference; lastKnownFileType = sourcecode.swift; path = WeatherModel.swift; sourceTree = "<group>"; };
		867CE0151F6F004C008DEFF4 /* CitiesList+CoreDataClass.swift */ = {isa = PBXFileReference; lastKnownFileType = sourcecode.swift; path = "CitiesList+CoreDataClass.swift"; sourceTree = "<group>"; };
		867CE0161F6F004C008DEFF4 /* CitiesList+CoreDataProperties.swift */ = {isa = PBXFileReference; lastKnownFileType = sourcecode.swift; path = "CitiesList+CoreDataProperties.swift"; sourceTree = "<group>"; };
		867CE0191F6F02AE008DEFF4 /* CoreDataManager.swift */ = {isa = PBXFileReference; lastKnownFileType = sourcecode.swift; path = CoreDataManager.swift; sourceTree = "<group>"; };
		8682738A1F6F2279006FACA7 /* Constant.swift */ = {isa = PBXFileReference; lastKnownFileType = sourcecode.swift; path = Constant.swift; sourceTree = "<group>"; };
		86CC269E1F6E52D900152A28 /* SearchTableViewController.swift */ = {isa = PBXFileReference; lastKnownFileType = sourcecode.swift; path = SearchTableViewController.swift; sourceTree = "<group>"; };
		86CC26A01F6E5A0500152A28 /* cities.json */ = {isa = PBXFileReference; lastKnownFileType = text.json; path = cities.json; sourceTree = "<group>"; };
/* End PBXFileReference section */

/* Begin PBXFrameworksBuildPhase section */
		864A43121F6E2B7400CFDD25 /* Frameworks */ = {
			isa = PBXFrameworksBuildPhase;
			buildActionMask = 2147483647;
			files = (
			);
			runOnlyForDeploymentPostprocessing = 0;
		};
		864A43291F6E2B7400CFDD25 /* Frameworks */ = {
			isa = PBXFrameworksBuildPhase;
			buildActionMask = 2147483647;
			files = (
			);
			runOnlyForDeploymentPostprocessing = 0;
		};
		864A43341F6E2B7400CFDD25 /* Frameworks */ = {
			isa = PBXFrameworksBuildPhase;
			buildActionMask = 2147483647;
			files = (
			);
			runOnlyForDeploymentPostprocessing = 0;
		};
/* End PBXFrameworksBuildPhase section */

/* Begin PBXGroup section */
		864A430C1F6E2B7400CFDD25 = {
			isa = PBXGroup;
			children = (
				864A43171F6E2B7400CFDD25 /* OpenWeather */,
				864A432F1F6E2B7400CFDD25 /* OpenWeatherTests */,
				864A433A1F6E2B7400CFDD25 /* OpenWeatherUITests */,
				864A43161F6E2B7400CFDD25 /* Products */,
			);
			sourceTree = "<group>";
		};
		864A43161F6E2B7400CFDD25 /* Products */ = {
			isa = PBXGroup;
			children = (
				864A43151F6E2B7400CFDD25 /* OpenWeather.app */,
				864A432C1F6E2B7400CFDD25 /* OpenWeatherTests.xctest */,
				864A43371F6E2B7400CFDD25 /* OpenWeatherUITests.xctest */,
			);
			name = Products;
			sourceTree = "<group>";
		};
		864A43171F6E2B7400CFDD25 /* OpenWeather */ = {
			isa = PBXGroup;
			children = (
				86CC26A01F6E5A0500152A28 /* cities.json */,
				86CC269B1F6E3E6800152A28 /* Model */,
				86CC269A1F6E3E5700152A28 /* DataManager */,
				86CC26991F6E3E1800152A28 /* Extension+Helper */,
				864A43181F6E2B7400CFDD25 /* AppDelegate.swift */,
				864A431C1F6E2B7400CFDD25 /* Main.storyboard */,
				864A43221F6E2B7400CFDD25 /* Assets.xcassets */,
				864A43241F6E2B7400CFDD25 /* LaunchScreen.storyboard */,
				864A43271F6E2B7400CFDD25 /* Info.plist */,
				864A431F1F6E2B7400CFDD25 /* OpenWeather.xcdatamodeld */,
				864A431A1F6E2B7400CFDD25 /* ViewController.swift */,
				864A434B1F6E2BE500CFDD25 /* ViewController+Webservice.swift */,
				86CC269E1F6E52D900152A28 /* SearchTableViewController.swift */,
			);
			path = OpenWeather;
			sourceTree = "<group>";
		};
		864A432F1F6E2B7400CFDD25 /* OpenWeatherTests */ = {
			isa = PBXGroup;
			children = (
				864A43301F6E2B7400CFDD25 /* OpenWeatherTests.swift */,
				864A43321F6E2B7400CFDD25 /* Info.plist */,
			);
			path = OpenWeatherTests;
			sourceTree = "<group>";
		};
		864A433A1F6E2B7400CFDD25 /* OpenWeatherUITests */ = {
			isa = PBXGroup;
			children = (
				864A433B1F6E2B7400CFDD25 /* OpenWeatherUITests.swift */,
				864A433D1F6E2B7500CFDD25 /* Info.plist */,
			);
			path = OpenWeatherUITests;
			sourceTree = "<group>";
		};
		86CC26991F6E3E1800152A28 /* Extension+Helper */ = {
			isa = PBXGroup;
			children = (
				864A434F1F6E2C6800CFDD25 /* UIImageView+OpenWeather.swift */,
				864A43511F6E2C8000CFDD25 /* OWError.swift */,
				864A43531F6E2C9700CFDD25 /* Double+Temprature.swift */,
				8682738A1F6F2279006FACA7 /* Constant.swift */,
			);
			path = "Extension+Helper";
			sourceTree = "<group>";
		};
		86CC269A1F6E3E5700152A28 /* DataManager */ = {
			isa = PBXGroup;
			children = (
				867CE0191F6F02AE008DEFF4 /* CoreDataManager.swift */,
				864A43551F6E2CAB00CFDD25 /* WebServiceManager.swift */,
			);
			path = DataManager;
			sourceTree = "<group>";
		};
		86CC269B1F6E3E6800152A28 /* Model */ = {
			isa = PBXGroup;
			children = (
				867CE0151F6F004C008DEFF4 /* CitiesList+CoreDataClass.swift */,
				867CE0161F6F004C008DEFF4 /* CitiesList+CoreDataProperties.swift */,
				864A43571F6E2CB800CFDD25 /* WeatherModel.swift */,
			);
			path = Model;
			sourceTree = "<group>";
		};
/* End PBXGroup section */

/* Begin PBXNativeTarget section */
		864A43141F6E2B7400CFDD25 /* OpenWeather */ = {
			isa = PBXNativeTarget;
			buildConfigurationList = 864A43401F6E2B7500CFDD25 /* Build configuration list for PBXNativeTarget "OpenWeather" */;
			buildPhases = (
				864A43111F6E2B7400CFDD25 /* Sources */,
				864A43121F6E2B7400CFDD25 /* Frameworks */,
				864A43131F6E2B7400CFDD25 /* Resources */,
			);
			buildRules = (
			);
			dependencies = (
			);
			name = OpenWeather;
			productName = OpenWeather;
			productReference = 864A43151F6E2B7400CFDD25 /* OpenWeather.app */;
			productType = "com.apple.product-type.application";
		};
		864A432B1F6E2B7400CFDD25 /* OpenWeatherTests */ = {
			isa = PBXNativeTarget;
			buildConfigurationList = 864A43431F6E2B7500CFDD25 /* Build configuration list for PBXNativeTarget "OpenWeatherTests" */;
			buildPhases = (
				864A43281F6E2B7400CFDD25 /* Sources */,
				864A43291F6E2B7400CFDD25 /* Frameworks */,
				864A432A1F6E2B7400CFDD25 /* Resources */,
			);
			buildRules = (
			);
			dependencies = (
				864A432E1F6E2B7400CFDD25 /* PBXTargetDependency */,
			);
			name = OpenWeatherTests;
			productName = OpenWeatherTests;
			productReference = 864A432C1F6E2B7400CFDD25 /* OpenWeatherTests.xctest */;
			productType = "com.apple.product-type.bundle.unit-test";
		};
		864A43361F6E2B7400CFDD25 /* OpenWeatherUITests */ = {
			isa = PBXNativeTarget;
			buildConfigurationList = 864A43461F6E2B7500CFDD25 /* Build configuration list for PBXNativeTarget "OpenWeatherUITests" */;
			buildPhases = (
				864A43331F6E2B7400CFDD25 /* Sources */,
				864A43341F6E2B7400CFDD25 /* Frameworks */,
				864A43351F6E2B7400CFDD25 /* Resources */,
			);
			buildRules = (
			);
			dependencies = (
				864A43391F6E2B7400CFDD25 /* PBXTargetDependency */,
			);
			name = OpenWeatherUITests;
			productName = OpenWeatherUITests;
			productReference = 864A43371F6E2B7400CFDD25 /* OpenWeatherUITests.xctest */;
			productType = "com.apple.product-type.bundle.ui-testing";
		};
/* End PBXNativeTarget section */

/* Begin PBXProject section */
		864A430D1F6E2B7400CFDD25 /* Project object */ = {
			isa = PBXProject;
			attributes = {
				LastSwiftUpdateCheck = 0900;
				LastUpgradeCheck = 0900;
				ORGANIZATIONNAME = "Jebamani, Sivaram";
				TargetAttributes = {
					864A43141F6E2B7400CFDD25 = {
						CreatedOnToolsVersion = 9.0;
						ProvisioningStyle = Automatic;
						SystemCapabilities = {
							com.apple.BackgroundModes = {
								enabled = 1;
							};
						};
					};
					864A432B1F6E2B7400CFDD25 = {
						CreatedOnToolsVersion = 9.0;
						ProvisioningStyle = Automatic;
						TestTargetID = 864A43141F6E2B7400CFDD25;
					};
					864A43361F6E2B7400CFDD25 = {
						CreatedOnToolsVersion = 9.0;
						ProvisioningStyle = Automatic;
						TestTargetID = 864A43141F6E2B7400CFDD25;
					};
				};
			};
			buildConfigurationList = 864A43101F6E2B7400CFDD25 /* Build configuration list for PBXProject "OpenWeather" */;
			compatibilityVersion = "Xcode 8.0";
			developmentRegion = en;
			hasScannedForEncodings = 0;
			knownRegions = (
				en,
				Base,
			);
			mainGroup = 864A430C1F6E2B7400CFDD25;
			productRefGroup = 864A43161F6E2B7400CFDD25 /* Products */;
			projectDirPath = "";
			projectRoot = "";
			targets = (
				864A43141F6E2B7400CFDD25 /* OpenWeather */,
				864A432B1F6E2B7400CFDD25 /* OpenWeatherTests */,
				864A43361F6E2B7400CFDD25 /* OpenWeatherUITests */,
			);
		};
/* End PBXProject section */

/* Begin PBXResourcesBuildPhase section */
		864A43131F6E2B7400CFDD25 /* Resources */ = {
			isa = PBXResourcesBuildPhase;
			buildActionMask = 2147483647;
			files = (
				86FCDB661F6E620B0020CB34 /* cities.json in Resources */,
				864A43261F6E2B7400CFDD25 /* LaunchScreen.storyboard in Resources */,
				864A43231F6E2B7400CFDD25 /* Assets.xcassets in Resources */,
				864A431E1F6E2B7400CFDD25 /* Main.storyboard in Resources */,
			);
			runOnlyForDeploymentPostprocessing = 0;
		};
		864A432A1F6E2B7400CFDD25 /* Resources */ = {
			isa = PBXResourcesBuildPhase;
			buildActionMask = 2147483647;
			files = (
			);
			runOnlyForDeploymentPostprocessing = 0;
		};
		864A43351F6E2B7400CFDD25 /* Resources */ = {
			isa = PBXResourcesBuildPhase;
			buildActionMask = 2147483647;
			files = (
			);
			runOnlyForDeploymentPostprocessing = 0;
		};
/* End PBXResourcesBuildPhase section */

/* Begin PBXSourcesBuildPhase section */
		864A43111F6E2B7400CFDD25 /* Sources */ = {
			isa = PBXSourcesBuildPhase;
			buildActionMask = 2147483647;
			files = (
				864A43561F6E2CAB00CFDD25 /* WebServiceManager.swift in Sources */,
				864A43521F6E2C8000CFDD25 /* OWError.swift in Sources */,
				867CE0181F6F004C008DEFF4 /* CitiesList+CoreDataProperties.swift in Sources */,
				864A43541F6E2C9700CFDD25 /* Double+Temprature.swift in Sources */,
				864A431B1F6E2B7400CFDD25 /* ViewController.swift in Sources */,
				864A43211F6E2B7400CFDD25 /* OpenWeather.xcdatamodeld in Sources */,
				867CE0171F6F004C008DEFF4 /* CitiesList+CoreDataClass.swift in Sources */,
				8682738B1F6F2279006FACA7 /* Constant.swift in Sources */,
				867CE01A1F6F02AE008DEFF4 /* CoreDataManager.swift in Sources */,
				864A434C1F6E2BE500CFDD25 /* ViewController+Webservice.swift in Sources */,
				86CC269F1F6E52D900152A28 /* SearchTableViewController.swift in Sources */,
				864A43501F6E2C6800CFDD25 /* UIImageView+OpenWeather.swift in Sources */,
				864A43191F6E2B7400CFDD25 /* AppDelegate.swift in Sources */,
				864A43581F6E2CB800CFDD25 /* WeatherModel.swift in Sources */,
			);
			runOnlyForDeploymentPostprocessing = 0;
		};
		864A43281F6E2B7400CFDD25 /* Sources */ = {
			isa = PBXSourcesBuildPhase;
			buildActionMask = 2147483647;
			files = (
				864A43311F6E2B7400CFDD25 /* OpenWeatherTests.swift in Sources */,
			);
			runOnlyForDeploymentPostprocessing = 0;
		};
		864A43331F6E2B7400CFDD25 /* Sources */ = {
			isa = PBXSourcesBuildPhase;
			buildActionMask = 2147483647;
			files = (
				864A433C1F6E2B7400CFDD25 /* OpenWeatherUITests.swift in Sources */,
			);
			runOnlyForDeploymentPostprocessing = 0;
		};
/* End PBXSourcesBuildPhase section */

/* Begin PBXTargetDependency section */
		864A432E1F6E2B7400CFDD25 /* PBXTargetDependency */ = {
			isa = PBXTargetDependency;
			target = 864A43141F6E2B7400CFDD25 /* OpenWeather */;
			targetProxy = 864A432D1F6E2B7400CFDD25 /* PBXContainerItemProxy */;
		};
		864A43391F6E2B7400CFDD25 /* PBXTargetDependency */ = {
			isa = PBXTargetDependency;
			target = 864A43141F6E2B7400CFDD25 /* OpenWeather */;
			targetProxy = 864A43381F6E2B7400CFDD25 /* PBXContainerItemProxy */;
		};
/* End PBXTargetDependency section */

/* Begin PBXVariantGroup section */
		864A431C1F6E2B7400CFDD25 /* Main.storyboard */ = {
			isa = PBXVariantGroup;
			children = (
				864A431D1F6E2B7400CFDD25 /* Base */,
			);
			name = Main.storyboard;
			sourceTree = "<group>";
		};
		864A43241F6E2B7400CFDD25 /* LaunchScreen.storyboard */ = {
			isa = PBXVariantGroup;
			children = (
				864A43251F6E2B7400CFDD25 /* Base */,
			);
			name = LaunchScreen.storyboard;
			sourceTree = "<group>";
		};
/* End PBXVariantGroup section */

/* Begin XCBuildConfiguration section */
		864A433E1F6E2B7500CFDD25 /* Debug */ = {
			isa = XCBuildConfiguration;
			buildSettings = {
				ALWAYS_SEARCH_USER_PATHS = NO;
				CLANG_ANALYZER_NONNULL = YES;
				CLANG_ANALYZER_NUMBER_OBJECT_CONVERSION = YES_AGGRESSIVE;
				CLANG_CXX_LANGUAGE_STANDARD = "gnu++14";
				CLANG_CXX_LIBRARY = "libc++";
				CLANG_ENABLE_MODULES = YES;
				CLANG_ENABLE_OBJC_ARC = YES;
				CLANG_WARN_BLOCK_CAPTURE_AUTORELEASING = YES;
				CLANG_WARN_BOOL_CONVERSION = YES;
				CLANG_WARN_COMMA = YES;
				CLANG_WARN_CONSTANT_CONVERSION = YES;
				CLANG_WARN_DIRECT_OBJC_ISA_USAGE = YES_ERROR;
				CLANG_WARN_DOCUMENTATION_COMMENTS = YES;
				CLANG_WARN_EMPTY_BODY = YES;
				CLANG_WARN_ENUM_CONVERSION = YES;
				CLANG_WARN_INFINITE_RECURSION = YES;
				CLANG_WARN_INT_CONVERSION = YES;
				CLANG_WARN_NON_LITERAL_NULL_CONVERSION = YES;
				CLANG_WARN_OBJC_LITERAL_CONVERSION = YES;
				CLANG_WARN_OBJC_ROOT_CLASS = YES_ERROR;
				CLANG_WARN_RANGE_LOOP_ANALYSIS = YES;
				CLANG_WARN_STRICT_PROTOTYPES = YES;
				CLANG_WARN_SUSPICIOUS_MOVE = YES;
				CLANG_WARN_UNGUARDED_AVAILABILITY = YES_AGGRESSIVE;
				CLANG_WARN_UNREACHABLE_CODE = YES;
				CLANG_WARN__DUPLICATE_METHOD_MATCH = YES;
				CODE_SIGN_IDENTITY = "iPhone Developer";
				COPY_PHASE_STRIP = NO;
				DEBUG_INFORMATION_FORMAT = dwarf;
				ENABLE_STRICT_OBJC_MSGSEND = YES;
				ENABLE_TESTABILITY = YES;
				GCC_C_LANGUAGE_STANDARD = gnu11;
				GCC_DYNAMIC_NO_PIC = NO;
				GCC_NO_COMMON_BLOCKS = YES;
				GCC_OPTIMIZATION_LEVEL = 0;
				GCC_PREPROCESSOR_DEFINITIONS = (
					"DEBUG=1",
					"$(inherited)",
				);
				GCC_WARN_64_TO_32_BIT_CONVERSION = YES;
				GCC_WARN_ABOUT_RETURN_TYPE = YES_ERROR;
				GCC_WARN_UNDECLARED_SELECTOR = YES;
				GCC_WARN_UNINITIALIZED_AUTOS = YES_AGGRESSIVE;
				GCC_WARN_UNUSED_FUNCTION = YES;
				GCC_WARN_UNUSED_VARIABLE = YES;
				IPHONEOS_DEPLOYMENT_TARGET = 11.0;
				MTL_ENABLE_DEBUG_INFO = YES;
				ONLY_ACTIVE_ARCH = YES;
				SDKROOT = iphoneos;
				SWIFT_ACTIVE_COMPILATION_CONDITIONS = DEBUG;
				SWIFT_OPTIMIZATION_LEVEL = "-Onone";
			};
			name = Debug;
		};
		864A433F1F6E2B7500CFDD25 /* Release */ = {
			isa = XCBuildConfiguration;
			buildSettings = {
				ALWAYS_SEARCH_USER_PATHS = NO;
				CLANG_ANALYZER_NONNULL = YES;
				CLANG_ANALYZER_NUMBER_OBJECT_CONVERSION = YES_AGGRESSIVE;
				CLANG_CXX_LANGUAGE_STANDARD = "gnu++14";
				CLANG_CXX_LIBRARY = "libc++";
				CLANG_ENABLE_MODULES = YES;
				CLANG_ENABLE_OBJC_ARC = YES;
				CLANG_WARN_BLOCK_CAPTURE_AUTORELEASING = YES;
				CLANG_WARN_BOOL_CONVERSION = YES;
				CLANG_WARN_COMMA = YES;
				CLANG_WARN_CONSTANT_CONVERSION = YES;
				CLANG_WARN_DIRECT_OBJC_ISA_USAGE = YES_ERROR;
				CLANG_WARN_DOCUMENTATION_COMMENTS = YES;
				CLANG_WARN_EMPTY_BODY = YES;
				CLANG_WARN_ENUM_CONVERSION = YES;
				CLANG_WARN_INFINITE_RECURSION = YES;
				CLANG_WARN_INT_CONVERSION = YES;
				CLANG_WARN_NON_LITERAL_NULL_CONVERSION = YES;
				CLANG_WARN_OBJC_LITERAL_CONVERSION = YES;
				CLANG_WARN_OBJC_ROOT_CLASS = YES_ERROR;
				CLANG_WARN_RANGE_LOOP_ANALYSIS = YES;
				CLANG_WARN_STRICT_PROTOTYPES = YES;
				CLANG_WARN_SUSPICIOUS_MOVE = YES;
				CLANG_WARN_UNGUARDED_AVAILABILITY = YES_AGGRESSIVE;
				CLANG_WARN_UNREACHABLE_CODE = YES;
				CLANG_WARN__DUPLICATE_METHOD_MATCH = YES;
				CODE_SIGN_IDENTITY = "iPhone Developer";
				COPY_PHASE_STRIP = NO;
				DEBUG_INFORMATION_FORMAT = "dwarf-with-dsym";
				ENABLE_NS_ASSERTIONS = NO;
				ENABLE_STRICT_OBJC_MSGSEND = YES;
				GCC_C_LANGUAGE_STANDARD = gnu11;
				GCC_NO_COMMON_BLOCKS = YES;
				GCC_WARN_64_TO_32_BIT_CONVERSION = YES;
				GCC_WARN_ABOUT_RETURN_TYPE = YES_ERROR;
				GCC_WARN_UNDECLARED_SELECTOR = YES;
				GCC_WARN_UNINITIALIZED_AUTOS = YES_AGGRESSIVE;
				GCC_WARN_UNUSED_FUNCTION = YES;
				GCC_WARN_UNUSED_VARIABLE = YES;
				IPHONEOS_DEPLOYMENT_TARGET = 11.0;
				MTL_ENABLE_DEBUG_INFO = NO;
				SDKROOT = iphoneos;
				SWIFT_OPTIMIZATION_LEVEL = "-Owholemodule";
				VALIDATE_PRODUCT = YES;
			};
			name = Release;
		};
		864A43411F6E2B7500CFDD25 /* Debug */ = {
			isa = XCBuildConfiguration;
			buildSettings = {
				ASSETCATALOG_COMPILER_APPICON_NAME = AppIcon;
				CODE_SIGN_STYLE = Automatic;
				INFOPLIST_FILE = OpenWeather/Info.plist;
				LD_RUNPATH_SEARCH_PATHS = "$(inherited) @executable_path/Frameworks";
				PRODUCT_BUNDLE_IDENTIFIER = JPMC.OpenWeather;
				PRODUCT_NAME = "$(TARGET_NAME)";
				SWIFT_VERSION = 4.0;
				TARGETED_DEVICE_FAMILY = "1,2";
			};
			name = Debug;
		};
		864A43421F6E2B7500CFDD25 /* Release */ = {
			isa = XCBuildConfiguration;
			buildSettings = {
				ASSETCATALOG_COMPILER_APPICON_NAME = AppIcon;
				CODE_SIGN_STYLE = Automatic;
				INFOPLIST_FILE = OpenWeather/Info.plist;
				LD_RUNPATH_SEARCH_PATHS = "$(inherited) @executable_path/Frameworks";
				PRODUCT_BUNDLE_IDENTIFIER = JPMC.OpenWeather;
				PRODUCT_NAME = "$(TARGET_NAME)";
				SWIFT_VERSION = 4.0;
				TARGETED_DEVICE_FAMILY = "1,2";
			};
			name = Release;
		};
		864A43441F6E2B7500CFDD25 /* Debug */ = {
			isa = XCBuildConfiguration;
			buildSettings = {
				ALWAYS_EMBED_SWIFT_STANDARD_LIBRARIES = YES;
				BUNDLE_LOADER = "$(TEST_HOST)";
				CODE_SIGN_STYLE = Automatic;
				INFOPLIST_FILE = OpenWeatherTests/Info.plist;
				LD_RUNPATH_SEARCH_PATHS = "$(inherited) @executable_path/Frameworks @loader_path/Frameworks";
				PRODUCT_BUNDLE_IDENTIFIER = JPMC.OpenWeatherTests;
				PRODUCT_NAME = "$(TARGET_NAME)";
				SWIFT_VERSION = 4.0;
				TARGETED_DEVICE_FAMILY = "1,2";
				TEST_HOST = "$(BUILT_PRODUCTS_DIR)/OpenWeather.app/OpenWeather";
			};
			name = Debug;
		};
		864A43451F6E2B7500CFDD25 /* Release */ = {
			isa = XCBuildConfiguration;
			buildSettings = {
				ALWAYS_EMBED_SWIFT_STANDARD_LIBRARIES = YES;
				BUNDLE_LOADER = "$(TEST_HOST)";
				CODE_SIGN_STYLE = Automatic;
				INFOPLIST_FILE = OpenWeatherTests/Info.plist;
				LD_RUNPATH_SEARCH_PATHS = "$(inherited) @executable_path/Frameworks @loader_path/Frameworks";
				PRODUCT_BUNDLE_IDENTIFIER = JPMC.OpenWeatherTests;
				PRODUCT_NAME = "$(TARGET_NAME)";
				SWIFT_VERSION = 4.0;
				TARGETED_DEVICE_FAMILY = "1,2";
				TEST_HOST = "$(BUILT_PRODUCTS_DIR)/OpenWeather.app/OpenWeather";
			};
			name = Release;
		};
		864A43471F6E2B7500CFDD25 /* Debug */ = {
			isa = XCBuildConfiguration;
			buildSettings = {
				ALWAYS_EMBED_SWIFT_STANDARD_LIBRARIES = YES;
				CODE_SIGN_STYLE = Automatic;
				INFOPLIST_FILE = OpenWeatherUITests/Info.plist;
				LD_RUNPATH_SEARCH_PATHS = "$(inherited) @executable_path/Frameworks @loader_path/Frameworks";
				PRODUCT_BUNDLE_IDENTIFIER = JPMC.OpenWeatherUITests;
				PRODUCT_NAME = "$(TARGET_NAME)";
				SWIFT_VERSION = 4.0;
				TARGETED_DEVICE_FAMILY = "1,2";
				TEST_TARGET_NAME = OpenWeather;
			};
			name = Debug;
		};
		864A43481F6E2B7500CFDD25 /* Release */ = {
			isa = XCBuildConfiguration;
			buildSettings = {
				ALWAYS_EMBED_SWIFT_STANDARD_LIBRARIES = YES;
				CODE_SIGN_STYLE = Automatic;
				INFOPLIST_FILE = OpenWeatherUITests/Info.plist;
				LD_RUNPATH_SEARCH_PATHS = "$(inherited) @executable_path/Frameworks @loader_path/Frameworks";
				PRODUCT_BUNDLE_IDENTIFIER = JPMC.OpenWeatherUITests;
				PRODUCT_NAME = "$(TARGET_NAME)";
				SWIFT_VERSION = 4.0;
				TARGETED_DEVICE_FAMILY = "1,2";
				TEST_TARGET_NAME = OpenWeather;
			};
			name = Release;
		};
/* End XCBuildConfiguration section */

/* Begin XCConfigurationList section */
		864A43101F6E2B7400CFDD25 /* Build configuration list for PBXProject "OpenWeather" */ = {
			isa = XCConfigurationList;
			buildConfigurations = (
				864A433E1F6E2B7500CFDD25 /* Debug */,
				864A433F1F6E2B7500CFDD25 /* Release */,
			);
			defaultConfigurationIsVisible = 0;
			defaultConfigurationName = Release;
		};
		864A43401F6E2B7500CFDD25 /* Build configuration list for PBXNativeTarget "OpenWeather" */ = {
			isa = XCConfigurationList;
			buildConfigurations = (
				864A43411F6E2B7500CFDD25 /* Debug */,
				864A43421F6E2B7500CFDD25 /* Release */,
			);
			defaultConfigurationIsVisible = 0;
			defaultConfigurationName = Release;
		};
		864A43431F6E2B7500CFDD25 /* Build configuration list for PBXNativeTarget "OpenWeatherTests" */ = {
			isa = XCConfigurationList;
			buildConfigurations = (
				864A43441F6E2B7500CFDD25 /* Debug */,
				864A43451F6E2B7500CFDD25 /* Release */,
			);
			defaultConfigurationIsVisible = 0;
			defaultConfigurationName = Release;
		};
		864A43461F6E2B7500CFDD25 /* Build configuration list for PBXNativeTarget "OpenWeatherUITests" */ = {
			isa = XCConfigurationList;
			buildConfigurations = (
				864A43471F6E2B7500CFDD25 /* Debug */,
				864A43481F6E2B7500CFDD25 /* Release */,
			);
			defaultConfigurationIsVisible = 0;
			defaultConfigurationName = Release;
		};
/* End XCConfigurationList section */

/* Begin XCVersionGroup section */
		864A431F1F6E2B7400CFDD25 /* OpenWeather.xcdatamodeld */ = {
			isa = XCVersionGroup;
			children = (
				864A43201F6E2B7400CFDD25 /* OpenWeather.xcdatamodel */,
			);
			currentVersion = 864A43201F6E2B7400CFDD25 /* OpenWeather.xcdatamodel */;
			path = OpenWeather.xcdatamodeld;
			sourceTree = "<group>";
			versionGroupType = wrapper.xcdatamodel;
		};
/* End XCVersionGroup section */
	};
	rootObject = 864A430D1F6E2B7400CFDD25 /* Project object */;
}
